// !$*UTF8*$!
{
	archiveVersion = 1;
	classes = {
	};
	objectVersion = 46;
	objects = {

/* Begin PBXBuildFile section */
		372456381D9066D100E62779 /* FileHistoryIterator.swift in Sources */ = {isa = PBXBuildFile; fileRef = 372456361D9066D100E62779 /* FileHistoryIterator.swift */; };
		372456391D9066D100E62779 /* RevisionIterator.swift in Sources */ = {isa = PBXBuildFile; fileRef = 372456371D9066D100E62779 /* RevisionIterator.swift */; };
		3724563C1D90670800E62779 /* RevlogTest.swift in Sources */ = {isa = PBXBuildFile; fileRef = 3724563A1D9066F700E62779 /* RevlogTest.swift */; };
		372456401D91A47C00E62779 /* TreeEntry.swift in Sources */ = {isa = PBXBuildFile; fileRef = 3724563F1D91A47C00E62779 /* TreeEntry.swift */; };
		372456421D91B24700E62779 /* Diff.swift in Sources */ = {isa = PBXBuildFile; fileRef = 372456411D91B24700E62779 /* Diff.swift */; };
		372456451D91C90A00E62779 /* Wrapper.swift in Sources */ = {isa = PBXBuildFile; fileRef = 372456441D91C90A00E62779 /* Wrapper.swift */; };
		372456471D931DC700E62779 /* DiffEntry.swift in Sources */ = {isa = PBXBuildFile; fileRef = 372456461D931DC700E62779 /* DiffEntry.swift */; };
		374763601D60BE1300A23F05 /* Git2Swift.framework in Frameworks */ = {isa = PBXBuildFile; fileRef = 374763561D60BE1200A23F05 /* Git2Swift.framework */; };
		3756EA9F1D64FC6E00CC0DC7 /* BranchTest.swift in Sources */ = {isa = PBXBuildFile; fileRef = 3756EA871D64FC6600CC0DC7 /* BranchTest.swift */; };
		3756EAA01D64FC6E00CC0DC7 /* CommitTest.swift in Sources */ = {isa = PBXBuildFile; fileRef = 3756EA881D64FC6600CC0DC7 /* CommitTest.swift */; };
		3756EAA11D64FC6E00CC0DC7 /* DirectoryManager.swift in Sources */ = {isa = PBXBuildFile; fileRef = 3756EA891D64FC6600CC0DC7 /* DirectoryManager.swift */; };
		3756EAA21D64FC6E00CC0DC7 /* HeadTest.swift in Sources */ = {isa = PBXBuildFile; fileRef = 3756EA8A1D64FC6600CC0DC7 /* HeadTest.swift */; };
		3756EAA31D64FC6E00CC0DC7 /* IndexTest.swift in Sources */ = {isa = PBXBuildFile; fileRef = 3756EA8B1D64FC6600CC0DC7 /* IndexTest.swift */; };
		3756EAA41D64FC6E00CC0DC7 /* MergeTest.swift in Sources */ = {isa = PBXBuildFile; fileRef = 3756EA8C1D64FC6600CC0DC7 /* MergeTest.swift */; };
		3756EAA51D64FC6E00CC0DC7 /* OIDTest.swift in Sources */ = {isa = PBXBuildFile; fileRef = 3756EA8D1D64FC6600CC0DC7 /* OIDTest.swift */; };
		3756EAA61D64FC6E00CC0DC7 /* ReferenceTest.swift in Sources */ = {isa = PBXBuildFile; fileRef = 3756EA8E1D64FC6600CC0DC7 /* ReferenceTest.swift */; };
		3756EAA71D64FC6E00CC0DC7 /* RepositoryHelper.swift in Sources */ = {isa = PBXBuildFile; fileRef = 3756EA8F1D64FC6600CC0DC7 /* RepositoryHelper.swift */; };
		3756EAA81D64FC6E00CC0DC7 /* RepositoryTest.swift in Sources */ = {isa = PBXBuildFile; fileRef = 3756EA901D64FC6600CC0DC7 /* RepositoryTest.swift */; };
		3756EAA91D64FC6E00CC0DC7 /* TagTest.swift in Sources */ = {isa = PBXBuildFile; fileRef = 3756EA911D64FC6600CC0DC7 /* TagTest.swift */; };
		3756EAAA1D64FC6E00CC0DC7 /* XCTestManifests.swift in Sources */ = {isa = PBXBuildFile; fileRef = 3756EA921D64FC6600CC0DC7 /* XCTestManifests.swift */; };
		3756EAAC1D6502B700CC0DC7 /* RemoteTest.swift in Sources */ = {isa = PBXBuildFile; fileRef = 3756EAAB1D6502B700CC0DC7 /* RemoteTest.swift */; };
		3797CA121D687AEC0032874D /* AuthenticationTest.swift in Sources */ = {isa = PBXBuildFile; fileRef = 3797CA111D687AEC0032874D /* AuthenticationTest.swift */; };
		37D957B91D8F089D004BB092 /* Authentication.swift in Sources */ = {isa = PBXBuildFile; fileRef = 37D9578B1D8F089D004BB092 /* Authentication.swift */; };
		37D957BA1D8F089D004BB092 /* KeyAuthentication.swift in Sources */ = {isa = PBXBuildFile; fileRef = 37D9578C1D8F089D004BB092 /* KeyAuthentication.swift */; };
		37D957BB1D8F089D004BB092 /* PasswordAuthentication.swift in Sources */ = {isa = PBXBuildFile; fileRef = 37D9578D1D8F089D004BB092 /* PasswordAuthentication.swift */; };
		37D957BC1D8F089D004BB092 /* Branch.swift in Sources */ = {isa = PBXBuildFile; fileRef = 37D9578F1D8F089D004BB092 /* Branch.swift */; };
		37D957BD1D8F089D004BB092 /* Branches.swift in Sources */ = {isa = PBXBuildFile; fileRef = 37D957901D8F089D004BB092 /* Branches.swift */; };
		37D957BE1D8F089D004BB092 /* BranchesIterator.swift in Sources */ = {isa = PBXBuildFile; fileRef = 37D957911D8F089D004BB092 /* BranchesIterator.swift */; };
		37D957BF1D8F089D004BB092 /* Commit.swift in Sources */ = {isa = PBXBuildFile; fileRef = 37D957931D8F089D004BB092 /* Commit.swift */; };
		37D957C01D8F089D004BB092 /* ConfigManager.swift in Sources */ = {isa = PBXBuildFile; fileRef = 37D957951D8F089D004BB092 /* ConfigManager.swift */; };
		37D957C11D8F089D004BB092 /* Error.swift in Sources */ = {isa = PBXBuildFile; fileRef = 37D957961D8F089D004BB092 /* Error.swift */; };
		37D957C21D8F089D004BB092 /* Object.swift in Sources */ = {isa = PBXBuildFile; fileRef = 37D957971D8F089D004BB092 /* Object.swift */; };
		37D957C31D8F089D004BB092 /* OID.swift in Sources */ = {isa = PBXBuildFile; fileRef = 37D957981D8F089D004BB092 /* OID.swift */; };
		37D957C41D8F089D004BB092 /* Signature.swift in Sources */ = {isa = PBXBuildFile; fileRef = 37D957991D8F089D004BB092 /* Signature.swift */; };
		37D957C51D8F089D004BB092 /* Strings.swift in Sources */ = {isa = PBXBuildFile; fileRef = 37D9579A1D8F089D004BB092 /* Strings.swift */; };
		37D957C61D8F089D004BB092 /* Head+Checkout.swift in Sources */ = {isa = PBXBuildFile; fileRef = 37D9579C1D8F089D004BB092 /* Head+Checkout.swift */; };
		37D957C71D8F089D004BB092 /* Head+Merge.swift in Sources */ = {isa = PBXBuildFile; fileRef = 37D9579D1D8F089D004BB092 /* Head+Merge.swift */; };
		37D957C81D8F089D004BB092 /* Head.swift in Sources */ = {isa = PBXBuildFile; fileRef = 37D9579E1D8F089D004BB092 /* Head.swift */; };
		37D957C91D8F089D004BB092 /* Index+Commit.swift in Sources */ = {isa = PBXBuildFile; fileRef = 37D957A01D8F089D004BB092 /* Index+Commit.swift */; };
		37D957CA1D8F089D004BB092 /* Index+Files.swift in Sources */ = {isa = PBXBuildFile; fileRef = 37D957A11D8F089D004BB092 /* Index+Files.swift */; };
		37D957CB1D8F089D004BB092 /* Index.swift in Sources */ = {isa = PBXBuildFile; fileRef = 37D957A21D8F089D004BB092 /* Index.swift */; };
		37D957CC1D8F089D004BB092 /* Reference+Target.swift in Sources */ = {isa = PBXBuildFile; fileRef = 37D957A41D8F089D004BB092 /* Reference+Target.swift */; };
		37D957CD1D8F089D004BB092 /* Reference.swift in Sources */ = {isa = PBXBuildFile; fileRef = 37D957A51D8F089D004BB092 /* Reference.swift */; };
		37D957CE1D8F089D004BB092 /* Remote.swift in Sources */ = {isa = PBXBuildFile; fileRef = 37D957A71D8F089D004BB092 /* Remote.swift */; };
		37D957CF1D8F089D004BB092 /* Remotes.swift in Sources */ = {isa = PBXBuildFile; fileRef = 37D957A81D8F089D004BB092 /* Remotes.swift */; };
		37D957D01D8F089D004BB092 /* Repository+Commit.swift in Sources */ = {isa = PBXBuildFile; fileRef = 37D957AA1D8F089D004BB092 /* Repository+Commit.swift */; };
		37D957D11D8F089D004BB092 /* Repository+Lookup.swift in Sources */ = {isa = PBXBuildFile; fileRef = 37D957AB1D8F089D004BB092 /* Repository+Lookup.swift */; };
		37D957D21D8F089D004BB092 /* Repository+Open.swift in Sources */ = {isa = PBXBuildFile; fileRef = 37D957AC1D8F089D004BB092 /* Repository+Open.swift */; };
		37D957D31D8F089D004BB092 /* Repository.swift in Sources */ = {isa = PBXBuildFile; fileRef = 37D957AD1D8F089D004BB092 /* Repository.swift */; };
		37D957D41D8F089D004BB092 /* RepositoryManager.swift in Sources */ = {isa = PBXBuildFile; fileRef = 37D957AE1D8F089D004BB092 /* RepositoryManager.swift */; };
		37D957D51D8F089D004BB092 /* Status.swift in Sources */ = {isa = PBXBuildFile; fileRef = 37D957B01D8F089D004BB092 /* Status.swift */; };
		37D957D61D8F089D004BB092 /* Statuses.swift in Sources */ = {isa = PBXBuildFile; fileRef = 37D957B11D8F089D004BB092 /* Statuses.swift */; };
		37D957D71D8F089D004BB092 /* StatusIterator.swift in Sources */ = {isa = PBXBuildFile; fileRef = 37D957B21D8F089D004BB092 /* StatusIterator.swift */; };
		37D957D81D8F089D004BB092 /* Tag.swift in Sources */ = {isa = PBXBuildFile; fileRef = 37D957B41D8F089D004BB092 /* Tag.swift */; };
		37D957D91D8F089D004BB092 /* TagIterator.swift in Sources */ = {isa = PBXBuildFile; fileRef = 37D957B51D8F089D004BB092 /* TagIterator.swift */; };
		37D957DA1D8F089D004BB092 /* Tags.swift in Sources */ = {isa = PBXBuildFile; fileRef = 37D957B61D8F089D004BB092 /* Tags.swift */; };
		37D957DB1D8F089D004BB092 /* Tree.swift in Sources */ = {isa = PBXBuildFile; fileRef = 37D957B81D8F089D004BB092 /* Tree.swift */; };
		37FFF2971D96909100697394 /* Progress.swift in Sources */ = {isa = PBXBuildFile; fileRef = 37FFF2961D96909100697394 /* Progress.swift */; };
		7D2361541D9E5570006E0AB8 /* Blob.swift in Sources */ = {isa = PBXBuildFile; fileRef = 7D2361531D9E5570006E0AB8 /* Blob.swift */; };
/* End PBXBuildFile section */

/* Begin PBXContainerItemProxy section */
		374763611D60BE1300A23F05 /* PBXContainerItemProxy */ = {
			isa = PBXContainerItemProxy;
			containerPortal = 3747634D1D60BE1200A23F05 /* Project object */;
			proxyType = 1;
			remoteGlobalIDString = 374763551D60BE1200A23F05;
			remoteInfo = Git2Swift;
		};
/* End PBXContainerItemProxy section */

/* Begin PBXFileReference section */
		372456361D9066D100E62779 /* FileHistoryIterator.swift */ = {isa = PBXFileReference; fileEncoding = 4; lastKnownFileType = sourcecode.swift; path = FileHistoryIterator.swift; sourceTree = "<group>"; };
		372456371D9066D100E62779 /* RevisionIterator.swift */ = {isa = PBXFileReference; fileEncoding = 4; lastKnownFileType = sourcecode.swift; path = RevisionIterator.swift; sourceTree = "<group>"; };
		3724563A1D9066F700E62779 /* RevlogTest.swift */ = {isa = PBXFileReference; fileEncoding = 4; lastKnownFileType = sourcecode.swift; name = RevlogTest.swift; path = Git2SwiftTests/RevlogTest.swift; sourceTree = "<group>"; };
		3724563D1D90681D00E62779 /* Sample.json */ = {isa = PBXFileReference; fileEncoding = 4; lastKnownFileType = text.json; path = Sample.json; sourceTree = "<group>"; };
		3724563F1D91A47C00E62779 /* TreeEntry.swift */ = {isa = PBXFileReference; fileEncoding = 4; lastKnownFileType = sourcecode.swift; path = TreeEntry.swift; sourceTree = "<group>"; };
		372456411D91B24700E62779 /* Diff.swift */ = {isa = PBXFileReference; fileEncoding = 4; lastKnownFileType = sourcecode.swift; name = Diff.swift; path = Git2Swift/diff/Diff.swift; sourceTree = "<group>"; };
		372456441D91C90A00E62779 /* Wrapper.swift */ = {isa = PBXFileReference; fileEncoding = 4; lastKnownFileType = sourcecode.swift; path = Wrapper.swift; sourceTree = "<group>"; };
		372456461D931DC700E62779 /* DiffEntry.swift */ = {isa = PBXFileReference; fileEncoding = 4; lastKnownFileType = sourcecode.swift; name = DiffEntry.swift; path = Git2Swift/diff/DiffEntry.swift; sourceTree = "<group>"; };
		374763561D60BE1200A23F05 /* Git2Swift.framework */ = {isa = PBXFileReference; explicitFileType = wrapper.framework; includeInIndex = 0; path = Git2Swift.framework; sourceTree = BUILT_PRODUCTS_DIR; };
		3747635F1D60BE1300A23F05 /* Git2SwiftTests.xctest */ = {isa = PBXFileReference; explicitFileType = wrapper.cfbundle; includeInIndex = 0; path = Git2SwiftTests.xctest; sourceTree = BUILT_PRODUCTS_DIR; };
		374763801D60BF9700A23F05 /* Info.plist */ = {isa = PBXFileReference; fileEncoding = 4; lastKnownFileType = text.plist.xml; path = Info.plist; sourceTree = "<group>"; };
		374763EE1D60BFDD00A23F05 /* Info.plist */ = {isa = PBXFileReference; fileEncoding = 4; lastKnownFileType = text.plist.xml; path = Info.plist; sourceTree = "<group>"; };
		3756EA871D64FC6600CC0DC7 /* BranchTest.swift */ = {isa = PBXFileReference; fileEncoding = 4; lastKnownFileType = sourcecode.swift; name = BranchTest.swift; path = Git2SwiftTests/BranchTest.swift; sourceTree = "<group>"; };
		3756EA881D64FC6600CC0DC7 /* CommitTest.swift */ = {isa = PBXFileReference; fileEncoding = 4; lastKnownFileType = sourcecode.swift; name = CommitTest.swift; path = Git2SwiftTests/CommitTest.swift; sourceTree = "<group>"; };
		3756EA891D64FC6600CC0DC7 /* DirectoryManager.swift */ = {isa = PBXFileReference; fileEncoding = 4; lastKnownFileType = sourcecode.swift; name = DirectoryManager.swift; path = Git2SwiftTests/DirectoryManager.swift; sourceTree = "<group>"; };
		3756EA8A1D64FC6600CC0DC7 /* HeadTest.swift */ = {isa = PBXFileReference; fileEncoding = 4; lastKnownFileType = sourcecode.swift; name = HeadTest.swift; path = Git2SwiftTests/HeadTest.swift; sourceTree = "<group>"; };
		3756EA8B1D64FC6600CC0DC7 /* IndexTest.swift */ = {isa = PBXFileReference; fileEncoding = 4; lastKnownFileType = sourcecode.swift; name = IndexTest.swift; path = Git2SwiftTests/IndexTest.swift; sourceTree = "<group>"; };
		3756EA8C1D64FC6600CC0DC7 /* MergeTest.swift */ = {isa = PBXFileReference; fileEncoding = 4; lastKnownFileType = sourcecode.swift; name = MergeTest.swift; path = Git2SwiftTests/MergeTest.swift; sourceTree = "<group>"; };
		3756EA8D1D64FC6600CC0DC7 /* OIDTest.swift */ = {isa = PBXFileReference; fileEncoding = 4; lastKnownFileType = sourcecode.swift; name = OIDTest.swift; path = Git2SwiftTests/OIDTest.swift; sourceTree = "<group>"; };
		3756EA8E1D64FC6600CC0DC7 /* ReferenceTest.swift */ = {isa = PBXFileReference; fileEncoding = 4; lastKnownFileType = sourcecode.swift; name = ReferenceTest.swift; path = Git2SwiftTests/ReferenceTest.swift; sourceTree = "<group>"; };
		3756EA8F1D64FC6600CC0DC7 /* RepositoryHelper.swift */ = {isa = PBXFileReference; fileEncoding = 4; lastKnownFileType = sourcecode.swift; name = RepositoryHelper.swift; path = Git2SwiftTests/RepositoryHelper.swift; sourceTree = "<group>"; };
		3756EA901D64FC6600CC0DC7 /* RepositoryTest.swift */ = {isa = PBXFileReference; fileEncoding = 4; lastKnownFileType = sourcecode.swift; name = RepositoryTest.swift; path = Git2SwiftTests/RepositoryTest.swift; sourceTree = "<group>"; };
		3756EA911D64FC6600CC0DC7 /* TagTest.swift */ = {isa = PBXFileReference; fileEncoding = 4; lastKnownFileType = sourcecode.swift; name = TagTest.swift; path = Git2SwiftTests/TagTest.swift; sourceTree = "<group>"; };
		3756EA921D64FC6600CC0DC7 /* XCTestManifests.swift */ = {isa = PBXFileReference; fileEncoding = 4; lastKnownFileType = sourcecode.swift; name = XCTestManifests.swift; path = Git2SwiftTests/XCTestManifests.swift; sourceTree = "<group>"; };
		3756EAAB1D6502B700CC0DC7 /* RemoteTest.swift */ = {isa = PBXFileReference; fileEncoding = 4; lastKnownFileType = sourcecode.swift; name = RemoteTest.swift; path = Git2SwiftTests/RemoteTest.swift; sourceTree = "<group>"; };
		3797CA111D687AEC0032874D /* AuthenticationTest.swift */ = {isa = PBXFileReference; fileEncoding = 4; lastKnownFileType = sourcecode.swift; name = AuthenticationTest.swift; path = Git2SwiftTests/AuthenticationTest.swift; sourceTree = "<group>"; };
		37A1C9471D8571E1004FDBC4 /* LICENSE */ = {isa = PBXFileReference; fileEncoding = 4; lastKnownFileType = text; name = LICENSE; path = ../LICENSE; sourceTree = "<group>"; };
		37A1C9481D8571E1004FDBC4 /* Package.swift */ = {isa = PBXFileReference; fileEncoding = 4; lastKnownFileType = sourcecode.swift; name = Package.swift; path = ../Package.swift; sourceTree = "<group>"; };
		37A1C9491D8571E1004FDBC4 /* README.md */ = {isa = PBXFileReference; fileEncoding = 4; lastKnownFileType = net.daringfireball.markdown; name = README.md; path = ../README.md; sourceTree = "<group>"; };
		37A1C94D1D8572A4004FDBC4 /* Changelog.md */ = {isa = PBXFileReference; fileEncoding = 4; lastKnownFileType = net.daringfireball.markdown; name = Changelog.md; path = ../Changelog.md; sourceTree = "<group>"; };
		37D9578B1D8F089D004BB092 /* Authentication.swift */ = {isa = PBXFileReference; fileEncoding = 4; lastKnownFileType = sourcecode.swift; path = Authentication.swift; sourceTree = "<group>"; };
		37D9578C1D8F089D004BB092 /* KeyAuthentication.swift */ = {isa = PBXFileReference; fileEncoding = 4; lastKnownFileType = sourcecode.swift; path = KeyAuthentication.swift; sourceTree = "<group>"; };
		37D9578D1D8F089D004BB092 /* PasswordAuthentication.swift */ = {isa = PBXFileReference; fileEncoding = 4; lastKnownFileType = sourcecode.swift; path = PasswordAuthentication.swift; sourceTree = "<group>"; };
		37D9578F1D8F089D004BB092 /* Branch.swift */ = {isa = PBXFileReference; fileEncoding = 4; lastKnownFileType = sourcecode.swift; path = Branch.swift; sourceTree = "<group>"; };
		37D957901D8F089D004BB092 /* Branches.swift */ = {isa = PBXFileReference; fileEncoding = 4; lastKnownFileType = sourcecode.swift; path = Branches.swift; sourceTree = "<group>"; };
		37D957911D8F089D004BB092 /* BranchesIterator.swift */ = {isa = PBXFileReference; fileEncoding = 4; lastKnownFileType = sourcecode.swift; path = BranchesIterator.swift; sourceTree = "<group>"; };
		37D957931D8F089D004BB092 /* Commit.swift */ = {isa = PBXFileReference; fileEncoding = 4; lastKnownFileType = sourcecode.swift; path = Commit.swift; sourceTree = "<group>"; };
		37D957951D8F089D004BB092 /* ConfigManager.swift */ = {isa = PBXFileReference; fileEncoding = 4; lastKnownFileType = sourcecode.swift; path = ConfigManager.swift; sourceTree = "<group>"; };
		37D957961D8F089D004BB092 /* Error.swift */ = {isa = PBXFileReference; fileEncoding = 4; lastKnownFileType = sourcecode.swift; path = Error.swift; sourceTree = "<group>"; };
		37D957971D8F089D004BB092 /* Object.swift */ = {isa = PBXFileReference; fileEncoding = 4; lastKnownFileType = sourcecode.swift; path = Object.swift; sourceTree = "<group>"; };
		37D957981D8F089D004BB092 /* OID.swift */ = {isa = PBXFileReference; fileEncoding = 4; lastKnownFileType = sourcecode.swift; path = OID.swift; sourceTree = "<group>"; };
		37D957991D8F089D004BB092 /* Signature.swift */ = {isa = PBXFileReference; fileEncoding = 4; lastKnownFileType = sourcecode.swift; path = Signature.swift; sourceTree = "<group>"; };
		37D9579A1D8F089D004BB092 /* Strings.swift */ = {isa = PBXFileReference; fileEncoding = 4; lastKnownFileType = sourcecode.swift; path = Strings.swift; sourceTree = "<group>"; };
		37D9579C1D8F089D004BB092 /* Head+Checkout.swift */ = {isa = PBXFileReference; fileEncoding = 4; lastKnownFileType = sourcecode.swift; path = "Head+Checkout.swift"; sourceTree = "<group>"; };
		37D9579D1D8F089D004BB092 /* Head+Merge.swift */ = {isa = PBXFileReference; fileEncoding = 4; lastKnownFileType = sourcecode.swift; path = "Head+Merge.swift"; sourceTree = "<group>"; };
		37D9579E1D8F089D004BB092 /* Head.swift */ = {isa = PBXFileReference; fileEncoding = 4; lastKnownFileType = sourcecode.swift; path = Head.swift; sourceTree = "<group>"; };
		37D957A01D8F089D004BB092 /* Index+Commit.swift */ = {isa = PBXFileReference; fileEncoding = 4; lastKnownFileType = sourcecode.swift; path = "Index+Commit.swift"; sourceTree = "<group>"; };
		37D957A11D8F089D004BB092 /* Index+Files.swift */ = {isa = PBXFileReference; fileEncoding = 4; lastKnownFileType = sourcecode.swift; path = "Index+Files.swift"; sourceTree = "<group>"; };
		37D957A21D8F089D004BB092 /* Index.swift */ = {isa = PBXFileReference; fileEncoding = 4; lastKnownFileType = sourcecode.swift; path = Index.swift; sourceTree = "<group>"; };
		37D957A41D8F089D004BB092 /* Reference+Target.swift */ = {isa = PBXFileReference; fileEncoding = 4; lastKnownFileType = sourcecode.swift; path = "Reference+Target.swift"; sourceTree = "<group>"; };
		37D957A51D8F089D004BB092 /* Reference.swift */ = {isa = PBXFileReference; fileEncoding = 4; lastKnownFileType = sourcecode.swift; path = Reference.swift; sourceTree = "<group>"; };
		37D957A71D8F089D004BB092 /* Remote.swift */ = {isa = PBXFileReference; fileEncoding = 4; lastKnownFileType = sourcecode.swift; path = Remote.swift; sourceTree = "<group>"; };
		37D957A81D8F089D004BB092 /* Remotes.swift */ = {isa = PBXFileReference; fileEncoding = 4; lastKnownFileType = sourcecode.swift; path = Remotes.swift; sourceTree = "<group>"; };
		37D957AA1D8F089D004BB092 /* Repository+Commit.swift */ = {isa = PBXFileReference; fileEncoding = 4; lastKnownFileType = sourcecode.swift; path = "Repository+Commit.swift"; sourceTree = "<group>"; };
		37D957AB1D8F089D004BB092 /* Repository+Lookup.swift */ = {isa = PBXFileReference; fileEncoding = 4; lastKnownFileType = sourcecode.swift; path = "Repository+Lookup.swift"; sourceTree = "<group>"; };
		37D957AC1D8F089D004BB092 /* Repository+Open.swift */ = {isa = PBXFileReference; fileEncoding = 4; lastKnownFileType = sourcecode.swift; path = "Repository+Open.swift"; sourceTree = "<group>"; };
		37D957AD1D8F089D004BB092 /* Repository.swift */ = {isa = PBXFileReference; fileEncoding = 4; lastKnownFileType = sourcecode.swift; path = Repository.swift; sourceTree = "<group>"; };
		37D957AE1D8F089D004BB092 /* RepositoryManager.swift */ = {isa = PBXFileReference; fileEncoding = 4; lastKnownFileType = sourcecode.swift; path = RepositoryManager.swift; sourceTree = "<group>"; };
		37D957B01D8F089D004BB092 /* Status.swift */ = {isa = PBXFileReference; fileEncoding = 4; lastKnownFileType = sourcecode.swift; path = Status.swift; sourceTree = "<group>"; };
		37D957B11D8F089D004BB092 /* Statuses.swift */ = {isa = PBXFileReference; fileEncoding = 4; lastKnownFileType = sourcecode.swift; path = Statuses.swift; sourceTree = "<group>"; };
		37D957B21D8F089D004BB092 /* StatusIterator.swift */ = {isa = PBXFileReference; fileEncoding = 4; lastKnownFileType = sourcecode.swift; path = StatusIterator.swift; sourceTree = "<group>"; };
		37D957B41D8F089D004BB092 /* Tag.swift */ = {isa = PBXFileReference; fileEncoding = 4; lastKnownFileType = sourcecode.swift; path = Tag.swift; sourceTree = "<group>"; };
		37D957B51D8F089D004BB092 /* TagIterator.swift */ = {isa = PBXFileReference; fileEncoding = 4; lastKnownFileType = sourcecode.swift; path = TagIterator.swift; sourceTree = "<group>"; };
		37D957B61D8F089D004BB092 /* Tags.swift */ = {isa = PBXFileReference; fileEncoding = 4; lastKnownFileType = sourcecode.swift; path = Tags.swift; sourceTree = "<group>"; };
		37D957B81D8F089D004BB092 /* Tree.swift */ = {isa = PBXFileReference; fileEncoding = 4; lastKnownFileType = sourcecode.swift; path = Tree.swift; sourceTree = "<group>"; };
		37FFF2951D96887400697394 /* LinuxMain.swift */ = {isa = PBXFileReference; lastKnownFileType = sourcecode.swift; path = LinuxMain.swift; sourceTree = "<group>"; };
		37FFF2961D96909100697394 /* Progress.swift */ = {isa = PBXFileReference; fileEncoding = 4; lastKnownFileType = sourcecode.swift; path = Progress.swift; sourceTree = "<group>"; };
		7D2361531D9E5570006E0AB8 /* Blob.swift */ = {isa = PBXFileReference; fileEncoding = 4; lastKnownFileType = sourcecode.swift; path = Blob.swift; sourceTree = "<group>"; };
/* End PBXFileReference section */

/* Begin PBXFrameworksBuildPhase section */
		374763521D60BE1200A23F05 /* Frameworks */ = {
			isa = PBXFrameworksBuildPhase;
			buildActionMask = 2147483647;
			files = (
			);
			runOnlyForDeploymentPostprocessing = 0;
		};
		3747635C1D60BE1300A23F05 /* Frameworks */ = {
			isa = PBXFrameworksBuildPhase;
			buildActionMask = 2147483647;
			files = (
				374763601D60BE1300A23F05 /* Git2Swift.framework in Frameworks */,
			);
			runOnlyForDeploymentPostprocessing = 0;
		};
/* End PBXFrameworksBuildPhase section */

/* Begin PBXGroup section */
		372456351D9066D100E62779 /* revision */ = {
			isa = PBXGroup;
			children = (
				372456361D9066D100E62779 /* FileHistoryIterator.swift */,
				372456371D9066D100E62779 /* RevisionIterator.swift */,
			);
			name = revision;
			path = Git2Swift/revision;
			sourceTree = "<group>";
		};
		372456431D91B25200E62779 /* diff */ = {
			isa = PBXGroup;
			children = (
				372456461D931DC700E62779 /* DiffEntry.swift */,
				372456411D91B24700E62779 /* Diff.swift */,
			);
			name = diff;
			sourceTree = "<group>";
		};
		3747634C1D60BE1200A23F05 = {
			isa = PBXGroup;
			children = (
				37A1C9461D8571CA004FDBC4 /* Others */,
				374763E81D60BFDD00A23F05 /* Tests */,
				374763731D60BF9700A23F05 /* Sources */,
				374763571D60BE1200A23F05 /* Products */,
			);
			sourceTree = "<group>";
		};
		374763571D60BE1200A23F05 /* Products */ = {
			isa = PBXGroup;
			children = (
				374763561D60BE1200A23F05 /* Git2Swift.framework */,
				3747635F1D60BE1300A23F05 /* Git2SwiftTests.xctest */,
			);
			name = Products;
			sourceTree = "<group>";
		};
		374763731D60BF9700A23F05 /* Sources */ = {
			isa = PBXGroup;
			children = (
				372456431D91B25200E62779 /* diff */,
				372456351D9066D100E62779 /* revision */,
				37D9578A1D8F089D004BB092 /* authentication */,
				37D9578E1D8F089D004BB092 /* branch */,
				37D957921D8F089D004BB092 /* commit */,
				37D957941D8F089D004BB092 /* commons */,
				37D9579B1D8F089D004BB092 /* head */,
				37D9579F1D8F089D004BB092 /* index */,
				37D957A31D8F089D004BB092 /* reference */,
				37D957A61D8F089D004BB092 /* remote */,
				37D957A91D8F089D004BB092 /* repository */,
				37D957AF1D8F089D004BB092 /* status */,
				37D957B31D8F089D004BB092 /* tag */,
				37D957B71D8F089D004BB092 /* tree */,
				374763801D60BF9700A23F05 /* Info.plist */,
			);
			name = Sources;
			path = ../Sources;
			sourceTree = "<group>";
		};
		374763E81D60BFDD00A23F05 /* Tests */ = {
			isa = PBXGroup;
			children = (
				3724563D1D90681D00E62779 /* Sample.json */,
				3724563A1D9066F700E62779 /* RevlogTest.swift */,
				3756EA871D64FC6600CC0DC7 /* BranchTest.swift */,
				3756EA881D64FC6600CC0DC7 /* CommitTest.swift */,
				3756EA891D64FC6600CC0DC7 /* DirectoryManager.swift */,
				3756EA8A1D64FC6600CC0DC7 /* HeadTest.swift */,
				3756EA8B1D64FC6600CC0DC7 /* IndexTest.swift */,
				3756EA8C1D64FC6600CC0DC7 /* MergeTest.swift */,
				3756EAAB1D6502B700CC0DC7 /* RemoteTest.swift */,
				3756EA8D1D64FC6600CC0DC7 /* OIDTest.swift */,
				3756EA8E1D64FC6600CC0DC7 /* ReferenceTest.swift */,
				3756EA8F1D64FC6600CC0DC7 /* RepositoryHelper.swift */,
				3756EA901D64FC6600CC0DC7 /* RepositoryTest.swift */,
				3797CA111D687AEC0032874D /* AuthenticationTest.swift */,
				3756EA911D64FC6600CC0DC7 /* TagTest.swift */,
				3756EA921D64FC6600CC0DC7 /* XCTestManifests.swift */,
				374763EE1D60BFDD00A23F05 /* Info.plist */,
				37FFF2951D96887400697394 /* LinuxMain.swift */,
			);
			name = Tests;
			path = ../Tests;
			sourceTree = "<group>";
		};
		37A1C9461D8571CA004FDBC4 /* Others */ = {
			isa = PBXGroup;
			children = (
				37A1C94D1D8572A4004FDBC4 /* Changelog.md */,
				37A1C9471D8571E1004FDBC4 /* LICENSE */,
				37A1C9481D8571E1004FDBC4 /* Package.swift */,
				37A1C9491D8571E1004FDBC4 /* README.md */,
			);
			name = Others;
			sourceTree = "<group>";
		};
		37D9578A1D8F089D004BB092 /* authentication */ = {
			isa = PBXGroup;
			children = (
				37D9578B1D8F089D004BB092 /* Authentication.swift */,
				37D9578C1D8F089D004BB092 /* KeyAuthentication.swift */,
				37D9578D1D8F089D004BB092 /* PasswordAuthentication.swift */,
			);
			name = authentication;
			path = Git2Swift/authentication;
			sourceTree = "<group>";
		};
		37D9578E1D8F089D004BB092 /* branch */ = {
			isa = PBXGroup;
			children = (
				37D9578F1D8F089D004BB092 /* Branch.swift */,
				37D957901D8F089D004BB092 /* Branches.swift */,
				37D957911D8F089D004BB092 /* BranchesIterator.swift */,
			);
			name = branch;
			path = Git2Swift/branch;
			sourceTree = "<group>";
		};
		37D957921D8F089D004BB092 /* commit */ = {
			isa = PBXGroup;
			children = (
				37D957931D8F089D004BB092 /* Commit.swift */,
			);
			name = commit;
			path = Git2Swift/commit;
			sourceTree = "<group>";
		};
		37D957941D8F089D004BB092 /* commons */ = {
			isa = PBXGroup;
			children = (
				7D2361531D9E5570006E0AB8 /* Blob.swift */,
				37D957951D8F089D004BB092 /* ConfigManager.swift */,
				37D957961D8F089D004BB092 /* Error.swift */,
				37D957971D8F089D004BB092 /* Object.swift */,
				37D957981D8F089D004BB092 /* OID.swift */,
				37D957991D8F089D004BB092 /* Signature.swift */,
				37D9579A1D8F089D004BB092 /* Strings.swift */,
				372456441D91C90A00E62779 /* Wrapper.swift */,
				37FFF2961D96909100697394 /* Progress.swift */,
			);
			name = commons;
			path = Git2Swift/commons;
			sourceTree = "<group>";
		};
		37D9579B1D8F089D004BB092 /* head */ = {
			isa = PBXGroup;
			children = (
				37D9579C1D8F089D004BB092 /* Head+Checkout.swift */,
				37D9579D1D8F089D004BB092 /* Head+Merge.swift */,
				37D9579E1D8F089D004BB092 /* Head.swift */,
			);
			name = head;
			path = Git2Swift/head;
			sourceTree = "<group>";
		};
		37D9579F1D8F089D004BB092 /* index */ = {
			isa = PBXGroup;
			children = (
				37D957A01D8F089D004BB092 /* Index+Commit.swift */,
				37D957A11D8F089D004BB092 /* Index+Files.swift */,
				37D957A21D8F089D004BB092 /* Index.swift */,
			);
			name = index;
			path = Git2Swift/index;
			sourceTree = "<group>";
		};
		37D957A31D8F089D004BB092 /* reference */ = {
			isa = PBXGroup;
			children = (
				37D957A41D8F089D004BB092 /* Reference+Target.swift */,
				37D957A51D8F089D004BB092 /* Reference.swift */,
			);
			name = reference;
			path = Git2Swift/reference;
			sourceTree = "<group>";
		};
		37D957A61D8F089D004BB092 /* remote */ = {
			isa = PBXGroup;
			children = (
				37D957A71D8F089D004BB092 /* Remote.swift */,
				37D957A81D8F089D004BB092 /* Remotes.swift */,
			);
			name = remote;
			path = Git2Swift/remote;
			sourceTree = "<group>";
		};
		37D957A91D8F089D004BB092 /* repository */ = {
			isa = PBXGroup;
			children = (
				37D957AA1D8F089D004BB092 /* Repository+Commit.swift */,
				37D957AB1D8F089D004BB092 /* Repository+Lookup.swift */,
				37D957AC1D8F089D004BB092 /* Repository+Open.swift */,
				37D957AD1D8F089D004BB092 /* Repository.swift */,
				37D957AE1D8F089D004BB092 /* RepositoryManager.swift */,
			);
			name = repository;
			path = Git2Swift/repository;
			sourceTree = "<group>";
		};
		37D957AF1D8F089D004BB092 /* status */ = {
			isa = PBXGroup;
			children = (
				37D957B01D8F089D004BB092 /* Status.swift */,
				37D957B11D8F089D004BB092 /* Statuses.swift */,
				37D957B21D8F089D004BB092 /* StatusIterator.swift */,
			);
			name = status;
			path = Git2Swift/status;
			sourceTree = "<group>";
		};
		37D957B31D8F089D004BB092 /* tag */ = {
			isa = PBXGroup;
			children = (
				37D957B41D8F089D004BB092 /* Tag.swift */,
				37D957B51D8F089D004BB092 /* TagIterator.swift */,
				37D957B61D8F089D004BB092 /* Tags.swift */,
			);
			name = tag;
			path = Git2Swift/tag;
			sourceTree = "<group>";
		};
		37D957B71D8F089D004BB092 /* tree */ = {
			isa = PBXGroup;
			children = (
				37D957B81D8F089D004BB092 /* Tree.swift */,
				3724563F1D91A47C00E62779 /* TreeEntry.swift */,
			);
			name = tree;
			path = Git2Swift/tree;
			sourceTree = "<group>";
		};
/* End PBXGroup section */

/* Begin PBXHeadersBuildPhase section */
		374763531D60BE1200A23F05 /* Headers */ = {
			isa = PBXHeadersBuildPhase;
			buildActionMask = 2147483647;
			files = (
			);
			runOnlyForDeploymentPostprocessing = 0;
		};
/* End PBXHeadersBuildPhase section */

/* Begin PBXNativeTarget section */
		374763551D60BE1200A23F05 /* Git2Swift */ = {
			isa = PBXNativeTarget;
			buildConfigurationList = 3747636A1D60BE1300A23F05 /* Build configuration list for PBXNativeTarget "Git2Swift" */;
			buildPhases = (
				374763511D60BE1200A23F05 /* Sources */,
				374763521D60BE1200A23F05 /* Frameworks */,
				374763531D60BE1200A23F05 /* Headers */,
				374763541D60BE1200A23F05 /* Resources */,
			);
			buildRules = (
			);
			dependencies = (
			);
			name = Git2Swift;
			productName = Git2Swift;
			productReference = 374763561D60BE1200A23F05 /* Git2Swift.framework */;
			productType = "com.apple.product-type.framework";
		};
		3747635E1D60BE1300A23F05 /* Git2SwiftTests */ = {
			isa = PBXNativeTarget;
			buildConfigurationList = 3747636D1D60BE1300A23F05 /* Build configuration list for PBXNativeTarget "Git2SwiftTests" */;
			buildPhases = (
				3747635B1D60BE1300A23F05 /* Sources */,
				3747635C1D60BE1300A23F05 /* Frameworks */,
				3747635D1D60BE1300A23F05 /* Resources */,
			);
			buildRules = (
			);
			dependencies = (
				374763621D60BE1300A23F05 /* PBXTargetDependency */,
			);
			name = Git2SwiftTests;
			productName = Git2SwiftTests;
			productReference = 3747635F1D60BE1300A23F05 /* Git2SwiftTests.xctest */;
			productType = "com.apple.product-type.bundle.unit-test";
		};
/* End PBXNativeTarget section */

/* Begin PBXProject section */
		3747634D1D60BE1200A23F05 /* Project object */ = {
			isa = PBXProject;
			attributes = {
				LastSwiftUpdateCheck = 0800;
				LastUpgradeCheck = 0800;
				ORGANIZATIONNAME = Creabox;
				TargetAttributes = {
					374763551D60BE1200A23F05 = {
						CreatedOnToolsVersion = 8.0;
						ProvisioningStyle = Automatic;
					};
					3747635E1D60BE1300A23F05 = {
						CreatedOnToolsVersion = 8.0;
						LastSwiftMigration = 0800;
						ProvisioningStyle = Automatic;
					};
				};
			};
			buildConfigurationList = 374763501D60BE1200A23F05 /* Build configuration list for PBXProject "Git2Swift" */;
			compatibilityVersion = "Xcode 3.2";
			developmentRegion = English;
			hasScannedForEncodings = 0;
			knownRegions = (
				en,
			);
			mainGroup = 3747634C1D60BE1200A23F05;
			productRefGroup = 374763571D60BE1200A23F05 /* Products */;
			projectDirPath = "";
			projectRoot = "";
			targets = (
				374763551D60BE1200A23F05 /* Git2Swift */,
				3747635E1D60BE1300A23F05 /* Git2SwiftTests */,
			);
		};
/* End PBXProject section */

/* Begin PBXResourcesBuildPhase section */
		374763541D60BE1200A23F05 /* Resources */ = {
			isa = PBXResourcesBuildPhase;
			buildActionMask = 2147483647;
			files = (
			);
			runOnlyForDeploymentPostprocessing = 0;
		};
		3747635D1D60BE1300A23F05 /* Resources */ = {
			isa = PBXResourcesBuildPhase;
			buildActionMask = 2147483647;
			files = (
			);
			runOnlyForDeploymentPostprocessing = 0;
		};
/* End PBXResourcesBuildPhase section */

/* Begin PBXSourcesBuildPhase section */
		374763511D60BE1200A23F05 /* Sources */ = {
			isa = PBXSourcesBuildPhase;
			buildActionMask = 2147483647;
			files = (
				372456471D931DC700E62779 /* DiffEntry.swift in Sources */,
				37D957DB1D8F089D004BB092 /* Tree.swift in Sources */,
				372456451D91C90A00E62779 /* Wrapper.swift in Sources */,
				37D957D81D8F089D004BB092 /* Tag.swift in Sources */,
				37D957D71D8F089D004BB092 /* StatusIterator.swift in Sources */,
				372456421D91B24700E62779 /* Diff.swift in Sources */,
				37D957C41D8F089D004BB092 /* Signature.swift in Sources */,
				37D957C31D8F089D004BB092 /* OID.swift in Sources */,
				37D957C21D8F089D004BB092 /* Object.swift in Sources */,
				7D2361541D9E5570006E0AB8 /* Blob.swift in Sources */,
				37D957B91D8F089D004BB092 /* Authentication.swift in Sources */,
				37D957CA1D8F089D004BB092 /* Index+Files.swift in Sources */,
				37D957BC1D8F089D004BB092 /* Branch.swift in Sources */,
				37D957BF1D8F089D004BB092 /* Commit.swift in Sources */,
				37D957D61D8F089D004BB092 /* Statuses.swift in Sources */,
				37D957DA1D8F089D004BB092 /* Tags.swift in Sources */,
				37D957BD1D8F089D004BB092 /* Branches.swift in Sources */,
				37D957C81D8F089D004BB092 /* Head.swift in Sources */,
				372456401D91A47C00E62779 /* TreeEntry.swift in Sources */,
				37D957CD1D8F089D004BB092 /* Reference.swift in Sources */,
				37D957C91D8F089D004BB092 /* Index+Commit.swift in Sources */,
				37D957CE1D8F089D004BB092 /* Remote.swift in Sources */,
				37D957C71D8F089D004BB092 /* Head+Merge.swift in Sources */,
				37D957C51D8F089D004BB092 /* Strings.swift in Sources */,
				37D957BE1D8F089D004BB092 /* BranchesIterator.swift in Sources */,
				37FFF2971D96909100697394 /* Progress.swift in Sources */,
				37D957D21D8F089D004BB092 /* Repository+Open.swift in Sources */,
				37D957D91D8F089D004BB092 /* TagIterator.swift in Sources */,
				37D957C61D8F089D004BB092 /* Head+Checkout.swift in Sources */,
				37D957BA1D8F089D004BB092 /* KeyAuthentication.swift in Sources */,
				37D957D51D8F089D004BB092 /* Status.swift in Sources */,
				37D957D11D8F089D004BB092 /* Repository+Lookup.swift in Sources */,
				37D957BB1D8F089D004BB092 /* PasswordAuthentication.swift in Sources */,
				37D957CF1D8F089D004BB092 /* Remotes.swift in Sources */,
				37D957D41D8F089D004BB092 /* RepositoryManager.swift in Sources */,
				37D957CB1D8F089D004BB092 /* Index.swift in Sources */,
				37D957C11D8F089D004BB092 /* Error.swift in Sources */,
				37D957CC1D8F089D004BB092 /* Reference+Target.swift in Sources */,
				37D957D01D8F089D004BB092 /* Repository+Commit.swift in Sources */,
				37D957C01D8F089D004BB092 /* ConfigManager.swift in Sources */,
				372456381D9066D100E62779 /* FileHistoryIterator.swift in Sources */,
				372456391D9066D100E62779 /* RevisionIterator.swift in Sources */,
				37D957D31D8F089D004BB092 /* Repository.swift in Sources */,
			);
			runOnlyForDeploymentPostprocessing = 0;
		};
		3747635B1D60BE1300A23F05 /* Sources */ = {
			isa = PBXSourcesBuildPhase;
			buildActionMask = 2147483647;
			files = (
				3756EAA71D64FC6E00CC0DC7 /* RepositoryHelper.swift in Sources */,
				3756EAA11D64FC6E00CC0DC7 /* DirectoryManager.swift in Sources */,
				3756EAA01D64FC6E00CC0DC7 /* CommitTest.swift in Sources */,
				3756EAA81D64FC6E00CC0DC7 /* RepositoryTest.swift in Sources */,
				3756EA9F1D64FC6E00CC0DC7 /* BranchTest.swift in Sources */,
				3756EAAC1D6502B700CC0DC7 /* RemoteTest.swift in Sources */,
				3756EAAA1D64FC6E00CC0DC7 /* XCTestManifests.swift in Sources */,
				3756EAA31D64FC6E00CC0DC7 /* IndexTest.swift in Sources */,
				3724563C1D90670800E62779 /* RevlogTest.swift in Sources */,
				3756EAA41D64FC6E00CC0DC7 /* MergeTest.swift in Sources */,
				3756EAA61D64FC6E00CC0DC7 /* ReferenceTest.swift in Sources */,
				3756EAA51D64FC6E00CC0DC7 /* OIDTest.swift in Sources */,
				3797CA121D687AEC0032874D /* AuthenticationTest.swift in Sources */,
				3756EAA21D64FC6E00CC0DC7 /* HeadTest.swift in Sources */,
				3756EAA91D64FC6E00CC0DC7 /* TagTest.swift in Sources */,
			);
			runOnlyForDeploymentPostprocessing = 0;
		};
/* End PBXSourcesBuildPhase section */

/* Begin PBXTargetDependency section */
		374763621D60BE1300A23F05 /* PBXTargetDependency */ = {
			isa = PBXTargetDependency;
			target = 374763551D60BE1200A23F05 /* Git2Swift */;
			targetProxy = 374763611D60BE1300A23F05 /* PBXContainerItemProxy */;
		};
/* End PBXTargetDependency section */

/* Begin XCBuildConfiguration section */
		374763681D60BE1300A23F05 /* Debug */ = {
			isa = XCBuildConfiguration;
			buildSettings = {
				ALWAYS_SEARCH_USER_PATHS = NO;
				CLANG_ANALYZER_NONNULL = YES;
				CLANG_CXX_LANGUAGE_STANDARD = "gnu++0x";
				CLANG_CXX_LIBRARY = "libc++";
				CLANG_ENABLE_MODULES = YES;
				CLANG_ENABLE_OBJC_ARC = YES;
				CLANG_WARN_BOOL_CONVERSION = YES;
				CLANG_WARN_CONSTANT_CONVERSION = YES;
				CLANG_WARN_DIRECT_OBJC_ISA_USAGE = YES_ERROR;
				CLANG_WARN_DOCUMENTATION_COMMENTS = YES;
				CLANG_WARN_EMPTY_BODY = YES;
				CLANG_WARN_ENUM_CONVERSION = YES;
				CLANG_WARN_INFINITE_RECURSION = YES;
				CLANG_WARN_INT_CONVERSION = YES;
				CLANG_WARN_OBJC_ROOT_CLASS = YES_ERROR;
				CLANG_WARN_SUSPICIOUS_MOVES = YES;
				CLANG_WARN_UNREACHABLE_CODE = YES;
				CLANG_WARN__DUPLICATE_METHOD_MATCH = YES;
				CODE_SIGN_IDENTITY = "-";
				COPY_PHASE_STRIP = NO;
				CURRENT_PROJECT_VERSION = 1;
				DEBUG_INFORMATION_FORMAT = dwarf;
				ENABLE_STRICT_OBJC_MSGSEND = YES;
				ENABLE_TESTABILITY = YES;
				GCC_C_LANGUAGE_STANDARD = gnu99;
				GCC_DYNAMIC_NO_PIC = NO;
				GCC_NO_COMMON_BLOCKS = YES;
				GCC_OPTIMIZATION_LEVEL = 0;
				GCC_PREPROCESSOR_DEFINITIONS = (
					"DEBUG=1",
					"$(inherited)",
				);
				GCC_WARN_64_TO_32_BIT_CONVERSION = YES;
				GCC_WARN_ABOUT_RETURN_TYPE = YES_ERROR;
				GCC_WARN_UNDECLARED_SELECTOR = YES;
				GCC_WARN_UNINITIALIZED_AUTOS = YES_AGGRESSIVE;
				GCC_WARN_UNUSED_FUNCTION = YES;
				GCC_WARN_UNUSED_VARIABLE = YES;
				MACOSX_DEPLOYMENT_TARGET = 10.12;
				MTL_ENABLE_DEBUG_INFO = YES;
				ONLY_ACTIVE_ARCH = YES;
				SDKROOT = macosx;
				SWIFT_ACTIVE_COMPILATION_CONDITIONS = DEBUG;
				SWIFT_OPTIMIZATION_LEVEL = "-Onone";
				VERSIONING_SYSTEM = "apple-generic";
				VERSION_INFO_PREFIX = "";
			};
			name = Debug;
		};
		374763691D60BE1300A23F05 /* Release */ = {
			isa = XCBuildConfiguration;
			buildSettings = {
				ALWAYS_SEARCH_USER_PATHS = NO;
				CLANG_ANALYZER_NONNULL = YES;
				CLANG_CXX_LANGUAGE_STANDARD = "gnu++0x";
				CLANG_CXX_LIBRARY = "libc++";
				CLANG_ENABLE_MODULES = YES;
				CLANG_ENABLE_OBJC_ARC = YES;
				CLANG_WARN_BOOL_CONVERSION = YES;
				CLANG_WARN_CONSTANT_CONVERSION = YES;
				CLANG_WARN_DIRECT_OBJC_ISA_USAGE = YES_ERROR;
				CLANG_WARN_DOCUMENTATION_COMMENTS = YES;
				CLANG_WARN_EMPTY_BODY = YES;
				CLANG_WARN_ENUM_CONVERSION = YES;
				CLANG_WARN_INFINITE_RECURSION = YES;
				CLANG_WARN_INT_CONVERSION = YES;
				CLANG_WARN_OBJC_ROOT_CLASS = YES_ERROR;
				CLANG_WARN_SUSPICIOUS_MOVES = YES;
				CLANG_WARN_UNREACHABLE_CODE = YES;
				CLANG_WARN__DUPLICATE_METHOD_MATCH = YES;
				CODE_SIGN_IDENTITY = "-";
				COPY_PHASE_STRIP = NO;
				CURRENT_PROJECT_VERSION = 1;
				DEBUG_INFORMATION_FORMAT = "dwarf-with-dsym";
				ENABLE_NS_ASSERTIONS = NO;
				ENABLE_STRICT_OBJC_MSGSEND = YES;
				GCC_C_LANGUAGE_STANDARD = gnu99;
				GCC_NO_COMMON_BLOCKS = YES;
				GCC_WARN_64_TO_32_BIT_CONVERSION = YES;
				GCC_WARN_ABOUT_RETURN_TYPE = YES_ERROR;
				GCC_WARN_UNDECLARED_SELECTOR = YES;
				GCC_WARN_UNINITIALIZED_AUTOS = YES_AGGRESSIVE;
				GCC_WARN_UNUSED_FUNCTION = YES;
				GCC_WARN_UNUSED_VARIABLE = YES;
				MACOSX_DEPLOYMENT_TARGET = 10.12;
				MTL_ENABLE_DEBUG_INFO = NO;
				SDKROOT = macosx;
				SWIFT_OPTIMIZATION_LEVEL = "-Owholemodule";
				VERSIONING_SYSTEM = "apple-generic";
				VERSION_INFO_PREFIX = "";
			};
			name = Release;
		};
		3747636B1D60BE1300A23F05 /* Debug */ = {
			isa = XCBuildConfiguration;
			buildSettings = {
				CODE_SIGN_IDENTITY = "";
				COMBINE_HIDPI_IMAGES = YES;
				DEFINES_MODULE = YES;
				DYLIB_COMPATIBILITY_VERSION = 1;
				DYLIB_CURRENT_VERSION = 1;
				DYLIB_INSTALL_NAME_BASE = "@rpath";
				FRAMEWORK_VERSION = A;
				HEADER_SEARCH_PATHS = /usr/local/include;
				INFOPLIST_FILE = ../Sources/Info.plist;
				INSTALL_PATH = "$(LOCAL_LIBRARY_DIR)/Frameworks";
				LD_RUNPATH_SEARCH_PATHS = "$(inherited) @executable_path/../Frameworks @loader_path/Frameworks";
				LIBRARY_SEARCH_PATHS = /usr/local/lib;
				OTHER_LDFLAGS = "-lgit2";
				PRODUCT_BUNDLE_IDENTIFIER = creabox.Git2Swift;
				PRODUCT_NAME = "$(TARGET_NAME)";
				SKIP_INSTALL = YES;
				SWIFT_INCLUDE_PATHS = "$(SRCROOT)/CLibgit2";
				SWIFT_OBJC_BRIDGING_HEADER = "";
				SWIFT_VERSION = 3.0;
			};
			name = Debug;
		};
		3747636C1D60BE1300A23F05 /* Release */ = {
			isa = XCBuildConfiguration;
			buildSettings = {
				CODE_SIGN_IDENTITY = "";
				COMBINE_HIDPI_IMAGES = YES;
				DEFINES_MODULE = YES;
				DYLIB_COMPATIBILITY_VERSION = 1;
				DYLIB_CURRENT_VERSION = 1;
				DYLIB_INSTALL_NAME_BASE = "@rpath";
				FRAMEWORK_VERSION = A;
				HEADER_SEARCH_PATHS = /usr/local/include;
				INFOPLIST_FILE = ../Sources/Info.plist;
				INSTALL_PATH = "$(LOCAL_LIBRARY_DIR)/Frameworks";
				LD_RUNPATH_SEARCH_PATHS = "$(inherited) @executable_path/../Frameworks @loader_path/Frameworks";
				LIBRARY_SEARCH_PATHS = /usr/local/lib;
				OTHER_LDFLAGS = "-lgit2";
				PRODUCT_BUNDLE_IDENTIFIER = creabox.Git2Swift;
				PRODUCT_NAME = "$(TARGET_NAME)";
				SKIP_INSTALL = YES;
				SWIFT_INCLUDE_PATHS = "$(SRCROOT)/CLibgit2";
				SWIFT_OBJC_BRIDGING_HEADER = "";
				SWIFT_VERSION = 3.0;
			};
			name = Release;
		};
		3747636E1D60BE1300A23F05 /* Debug */ = {
			isa = XCBuildConfiguration;
			buildSettings = {
				ALWAYS_EMBED_SWIFT_STANDARD_LIBRARIES = YES;
				CLANG_ENABLE_MODULES = YES;
				COMBINE_HIDPI_IMAGES = YES;
				HEADER_SEARCH_PATHS = /usr/local/include;
				INFOPLIST_FILE = ../Tests/Info.plist;
				LD_RUNPATH_SEARCH_PATHS = "$(inherited) @executable_path/../Frameworks @loader_path/../Frameworks";
				LIBRARY_SEARCH_PATHS = /usr/local/lib;
				OTHER_LDFLAGS = "-lgit2";
				PRODUCT_BUNDLE_IDENTIFIER = creabox.Git2SwiftTests;
				PRODUCT_NAME = "$(TARGET_NAME)";
				SWIFT_INCLUDE_PATHS = "";
				SWIFT_OPTIMIZATION_LEVEL = "-Onone";
				SWIFT_VERSION = 3.0;
			};
			name = Debug;
		};
		3747636F1D60BE1300A23F05 /* Release */ = {
			isa = XCBuildConfiguration;
			buildSettings = {
				ALWAYS_EMBED_SWIFT_STANDARD_LIBRARIES = YES;
				CLANG_ENABLE_MODULES = YES;
				COMBINE_HIDPI_IMAGES = YES;
				HEADER_SEARCH_PATHS = /usr/local/include;
				INFOPLIST_FILE = ../Tests/Info.plist;
				LD_RUNPATH_SEARCH_PATHS = "$(inherited) @executable_path/../Frameworks @loader_path/../Frameworks";
				LIBRARY_SEARCH_PATHS = /usr/local/lib;
				OTHER_LDFLAGS = "-lgit2";
				PRODUCT_BUNDLE_IDENTIFIER = creabox.Git2SwiftTests;
				PRODUCT_NAME = "$(TARGET_NAME)";
				SWIFT_INCLUDE_PATHS = "";
				SWIFT_VERSION = 3.0;
			};
			name = Release;
		};
/* End XCBuildConfiguration section */

/* Begin XCConfigurationList section */
		374763501D60BE1200A23F05 /* Build configuration list for PBXProject "Git2Swift" */ = {
			isa = XCConfigurationList;
			buildConfigurations = (
				374763681D60BE1300A23F05 /* Debug */,
				374763691D60BE1300A23F05 /* Release */,
			);
			defaultConfigurationIsVisible = 0;
			defaultConfigurationName = Release;
		};
		3747636A1D60BE1300A23F05 /* Build configuration list for PBXNativeTarget "Git2Swift" */ = {
			isa = XCConfigurationList;
			buildConfigurations = (
				3747636B1D60BE1300A23F05 /* Debug */,
				3747636C1D60BE1300A23F05 /* Release */,
			);
			defaultConfigurationIsVisible = 0;
			defaultConfigurationName = Release;
		};
		3747636D1D60BE1300A23F05 /* Build configuration list for PBXNativeTarget "Git2SwiftTests" */ = {
			isa = XCConfigurationList;
			buildConfigurations = (
				3747636E1D60BE1300A23F05 /* Debug */,
				3747636F1D60BE1300A23F05 /* Release */,
			);
			defaultConfigurationIsVisible = 0;
			defaultConfigurationName = Release;
		};
/* End XCConfigurationList section */
	};
	rootObject = 3747634D1D60BE1200A23F05 /* Project object */;
}
